
Microsoft Visual Studio Solution File, Format Version 12.00
# Visual Studio Version 17
VisualStudioVersion = 17.4.33403.182
MinimumVisualStudioVersion = 10.0.40219.1
Project("{FAE04EC0-301F-11D3-BF4B-00C04F79EFBC}") = "Neo-backend", "Neo-backend\Neo-backend.csproj", "{876266DC-AE26-4FCD-82EA-429935945B7A}"
EndProject
Global
	GlobalSection(SolutionConfigurationPlatforms) = preSolution
		Debug|Any CPU = Debug|Any CPU
		Release|Any CPU = Release|Any CPU
	EndGlobalSection
	GlobalSection(ProjectConfigurationPlatforms) = postSolution
		{876266DC-AE26-4FCD-82EA-429935945B7A}.Debug|Any CPU.ActiveCfg = Debug|Any CPU
		{876266DC-AE26-4FCD-82EA-429935945B7A}.Debug|Any CPU.Build.0 = Debug|Any CPU
		{876266DC-AE26-4FCD-82EA-429935945B7A}.Release|Any CPU.ActiveCfg = Release|Any CPU
		{876266DC-AE26-4FCD-82EA-429935945B7A}.Release|Any CPU.Build.0 = Release|Any CPU
	EndGlobalSection
	GlobalSection(SolutionProperties) = preSolution
		HideSolutionNode = FALSE
	EndGlobalSection
	GlobalSection(ExtensibilityGlobals) = postSolution
		SolutionGuid = {AFD44AAA-E166-473F-AC47-A4E7913635A5}
	EndGlobalSection
EndGlobal
